
Microsoft Visual Studio Solution File, Format Version 12.00
# Visual Studio Version 16
VisualStudioVersion = 16.0.31105.61
MinimumVisualStudioVersion = 10.0.40219.1
Project("{FAE04EC0-301F-11D3-BF4B-00C04F79EFBC}") = "IbAutoScreenshot", "IbAutoScreenshot\IbAutoScreenshot.csproj", "{0DF6AAEA-E7D8-4120-995D-9D4297C3BA7A}"
EndProject
Global
	GlobalSection(SolutionConfigurationPlatforms) = preSolution
		Debug|Any CPU = Debug|Any CPU
		Release|Any CPU = Release|Any CPU
	EndGlobalSection
	GlobalSection(ProjectConfigurationPlatforms) = postSolution
		{0DF6AAEA-E7D8-4120-995D-9D4297C3BA7A}.Debug|Any CPU.ActiveCfg = Debug|Any CPU
		{0DF6AAEA-E7D8-4120-995D-9D4297C3BA7A}.Debug|Any CPU.Build.0 = Debug|Any CPU
		{0DF6AAEA-E7D8-4120-995D-9D4297C3BA7A}.Release|Any CPU.ActiveCfg = Release|Any CPU
		{0DF6AAEA-E7D8-4120-995D-9D4297C3BA7A}.Release|Any CPU.Build.0 = Release|Any CPU
	EndGlobalSection
	GlobalSection(SolutionProperties) = preSolution
		HideSolutionNode = FALSE
	EndGlobalSection
	GlobalSection(ExtensibilityGlobals) = postSolution
		SolutionGuid = {0E44D296-6578-482C-84B9-4F21AA965D4C}
	EndGlobalSection
EndGlobal
